// !$*UTF8*$!
{
	archiveVersion = 1;
	classes = {
	};
	objectVersion = 46;
	objects = {

/* Begin PBXBuildFile section */
		656BB7F71D8406EA00CF0FC7 /* main.m in Sources */ = {isa = PBXBuildFile; fileRef = 656BB7F61D8406EA00CF0FC7 /* main.m */; };
		656BB7FA1D8406EA00CF0FC7 /* AppDelegate.m in Sources */ = {isa = PBXBuildFile; fileRef = 656BB7F91D8406EA00CF0FC7 /* AppDelegate.m */; };
		656BB7FD1D8406EA00CF0FC7 /* ViewController.m in Sources */ = {isa = PBXBuildFile; fileRef = 656BB7FC1D8406EA00CF0FC7 /* ViewController.m */; };
		656BB8001D8406EA00CF0FC7 /* Main.storyboard in Resources */ = {isa = PBXBuildFile; fileRef = 656BB7FE1D8406EA00CF0FC7 /* Main.storyboard */; };
		656BB8031D8406EA00CF0FC7 /* cokeryBook.xcdatamodeld in Sources */ = {isa = PBXBuildFile; fileRef = 656BB8011D8406EA00CF0FC7 /* cokeryBook.xcdatamodeld */; };
		656BB8051D8406EA00CF0FC7 /* Assets.xcassets in Resources */ = {isa = PBXBuildFile; fileRef = 656BB8041D8406EA00CF0FC7 /* Assets.xcassets */; };
		656BB8081D8406EA00CF0FC7 /* LaunchScreen.storyboard in Resources */ = {isa = PBXBuildFile; fileRef = 656BB8061D8406EA00CF0FC7 /* LaunchScreen.storyboard */; };
		656BB8131D8406EA00CF0FC7 /* cokeryBookTests.m in Sources */ = {isa = PBXBuildFile; fileRef = 656BB8121D8406EA00CF0FC7 /* cokeryBookTests.m */; };
		656BB81E1D8406EB00CF0FC7 /* cokeryBookUITests.m in Sources */ = {isa = PBXBuildFile; fileRef = 656BB81D1D8406EB00CF0FC7 /* cokeryBookUITests.m */; };
/* End PBXBuildFile section */

/* Begin PBXContainerItemProxy section */
		656BB80F1D8406EA00CF0FC7 /* PBXContainerItemProxy */ = {
			isa = PBXContainerItemProxy;
			containerPortal = 656BB7EA1D8406EA00CF0FC7 /* Project object */;
			proxyType = 1;
			remoteGlobalIDString = 656BB7F11D8406EA00CF0FC7;
			remoteInfo = cokeryBook;
		};
		656BB81A1D8406EB00CF0FC7 /* PBXContainerItemProxy */ = {
			isa = PBXContainerItemProxy;
			containerPortal = 656BB7EA1D8406EA00CF0FC7 /* Project object */;
			proxyType = 1;
			remoteGlobalIDString = 656BB7F11D8406EA00CF0FC7;
			remoteInfo = cokeryBook;
		};
/* End PBXContainerItemProxy section */

/* Begin PBXFileReference section */
		656BB7F21D8406EA00CF0FC7 /* cokeryBook.app */ = {isa = PBXFileReference; explicitFileType = wrapper.application; includeInIndex = 0; path = cokeryBook.app; sourceTree = BUILT_PRODUCTS_DIR; };
		656BB7F61D8406EA00CF0FC7 /* main.m */ = {isa = PBXFileReference; lastKnownFileType = sourcecode.c.objc; path = main.m; sourceTree = "<group>"; };
		656BB7F81D8406EA00CF0FC7 /* AppDelegate.h */ = {isa = PBXFileReference; lastKnownFileType = sourcecode.c.h; path = AppDelegate.h; sourceTree = "<group>"; };
		656BB7F91D8406EA00CF0FC7 /* AppDelegate.m */ = {isa = PBXFileReference; lastKnownFileType = sourcecode.c.objc; path = AppDelegate.m; sourceTree = "<group>"; };
		656BB7FB1D8406EA00CF0FC7 /* ViewController.h */ = {isa = PBXFileReference; lastKnownFileType = sourcecode.c.h; path = ViewController.h; sourceTree = "<group>"; };
		656BB7FC1D8406EA00CF0FC7 /* ViewController.m */ = {isa = PBXFileReference; lastKnownFileType = sourcecode.c.objc; path = ViewController.m; sourceTree = "<group>"; };
		656BB7FF1D8406EA00CF0FC7 /* Base */ = {isa = PBXFileReference; lastKnownFileType = file.storyboard; name = Base; path = Base.lproj/Main.storyboard; sourceTree = "<group>"; };
		656BB8021D8406EA00CF0FC7 /* cokeryBook.xcdatamodel */ = {isa = PBXFileReference; lastKnownFileType = wrapper.xcdatamodel; path = cokeryBook.xcdatamodel; sourceTree = "<group>"; };
		656BB8041D8406EA00CF0FC7 /* Assets.xcassets */ = {isa = PBXFileReference; lastKnownFileType = folder.assetcatalog; path = Assets.xcassets; sourceTree = "<group>"; };
		656BB8071D8406EA00CF0FC7 /* Base */ = {isa = PBXFileReference; lastKnownFileType = file.storyboard; name = Base; path = Base.lproj/LaunchScreen.storyboard; sourceTree = "<group>"; };
		656BB8091D8406EA00CF0FC7 /* Info.plist */ = {isa = PBXFileReference; lastKnownFileType = text.plist.xml; path = Info.plist; sourceTree = "<group>"; };
		656BB80E1D8406EA00CF0FC7 /* cokeryBookTests.xctest */ = {isa = PBXFileReference; explicitFileType = wrapper.cfbundle; includeInIndex = 0; path = cokeryBookTests.xctest; sourceTree = BUILT_PRODUCTS_DIR; };
		656BB8121D8406EA00CF0FC7 /* cokeryBookTests.m */ = {isa = PBXFileReference; lastKnownFileType = sourcecode.c.objc; path = cokeryBookTests.m; sourceTree = "<group>"; };
		656BB8141D8406EA00CF0FC7 /* Info.plist */ = {isa = PBXFileReference; lastKnownFileType = text.plist.xml; path = Info.plist; sourceTree = "<group>"; };
		656BB8191D8406EB00CF0FC7 /* cokeryBookUITests.xctest */ = {isa = PBXFileReference; explicitFileType = wrapper.cfbundle; includeInIndex = 0; path = cokeryBookUITests.xctest; sourceTree = BUILT_PRODUCTS_DIR; };
		656BB81D1D8406EB00CF0FC7 /* cokeryBookUITests.m */ = {isa = PBXFileReference; lastKnownFileType = sourcecode.c.objc; path = cokeryBookUITests.m; sourceTree = "<group>"; };
		656BB81F1D8406EB00CF0FC7 /* Info.plist */ = {isa = PBXFileReference; lastKnownFileType = text.plist.xml; path = Info.plist; sourceTree = "<group>"; };
/* End PBXFileReference section */

/* Begin PBXFrameworksBuildPhase section */
		656BB7EF1D8406EA00CF0FC7 /* Frameworks */ = {
			isa = PBXFrameworksBuildPhase;
			buildActionMask = 2147483647;
			files = (
			);
			runOnlyForDeploymentPostprocessing = 0;
		};
		656BB80B1D8406EA00CF0FC7 /* Frameworks */ = {
			isa = PBXFrameworksBuildPhase;
			buildActionMask = 2147483647;
			files = (
			);
			runOnlyForDeploymentPostprocessing = 0;
		};
		656BB8161D8406EB00CF0FC7 /* Frameworks */ = {
			isa = PBXFrameworksBuildPhase;
			buildActionMask = 2147483647;
			files = (
			);
			runOnlyForDeploymentPostprocessing = 0;
		};
/* End PBXFrameworksBuildPhase section */

/* Begin PBXGroup section */
		656BB7E91D8406EA00CF0FC7 = {
			isa = PBXGroup;
			children = (
				656BB7F41D8406EA00CF0FC7 /* cokeryBook */,
				656BB8111D8406EA00CF0FC7 /* cokeryBookTests */,
				656BB81C1D8406EB00CF0FC7 /* cokeryBookUITests */,
				656BB7F31D8406EA00CF0FC7 /* Products */,
			);
			sourceTree = "<group>";
		};
		656BB7F31D8406EA00CF0FC7 /* Products */ = {
			isa = PBXGroup;
			children = (
				656BB7F21D8406EA00CF0FC7 /* cokeryBook.app */,
				656BB80E1D8406EA00CF0FC7 /* cokeryBookTests.xctest */,
				656BB8191D8406EB00CF0FC7 /* cokeryBookUITests.xctest */,
			);
			name = Products;
			sourceTree = "<group>";
		};
		656BB7F41D8406EA00CF0FC7 /* cokeryBook */ = {
			isa = PBXGroup;
			children = (
				656BB7F81D8406EA00CF0FC7 /* AppDelegate.h */,
				656BB7F91D8406EA00CF0FC7 /* AppDelegate.m */,
				656BB7FB1D8406EA00CF0FC7 /* ViewController.h */,
				656BB7FC1D8406EA00CF0FC7 /* ViewController.m */,
				656BB7FE1D8406EA00CF0FC7 /* Main.storyboard */,
				656BB8041D8406EA00CF0FC7 /* Assets.xcassets */,
				656BB8061D8406EA00CF0FC7 /* LaunchScreen.storyboard */,
				656BB8091D8406EA00CF0FC7 /* Info.plist */,
				656BB8011D8406EA00CF0FC7 /* cokeryBook.xcdatamodeld */,
				656BB7F51D8406EA00CF0FC7 /* Supporting Files */,
			);
			path = cokeryBook;
			sourceTree = "<group>";
		};
		656BB7F51D8406EA00CF0FC7 /* Supporting Files */ = {
			isa = PBXGroup;
			children = (
				656BB7F61D8406EA00CF0FC7 /* main.m */,
			);
			name = "Supporting Files";
			sourceTree = "<group>";
		};
		656BB8111D8406EA00CF0FC7 /* cokeryBookTests */ = {
			isa = PBXGroup;
			children = (
				656BB8121D8406EA00CF0FC7 /* cokeryBookTests.m */,
				656BB8141D8406EA00CF0FC7 /* Info.plist */,
			);
			path = cokeryBookTests;
			sourceTree = "<group>";
		};
		656BB81C1D8406EB00CF0FC7 /* cokeryBookUITests */ = {
			isa = PBXGroup;
			children = (
				656BB81D1D8406EB00CF0FC7 /* cokeryBookUITests.m */,
				656BB81F1D8406EB00CF0FC7 /* Info.plist */,
			);
			path = cokeryBookUITests;
			sourceTree = "<group>";
		};
/* End PBXGroup section */

/* Begin PBXNativeTarget section */
		656BB7F11D8406EA00CF0FC7 /* cokeryBook */ = {
			isa = PBXNativeTarget;
			buildConfigurationList = 656BB8221D8406EB00CF0FC7 /* Build configuration list for PBXNativeTarget "cokeryBook" */;
			buildPhases = (
				656BB7EE1D8406EA00CF0FC7 /* Sources */,
				656BB7EF1D8406EA00CF0FC7 /* Frameworks */,
				656BB7F01D8406EA00CF0FC7 /* Resources */,
			);
			buildRules = (
			);
			dependencies = (
			);
			name = cokeryBook;
			productName = cokeryBook;
			productReference = 656BB7F21D8406EA00CF0FC7 /* cokeryBook.app */;
			productType = "com.apple.product-type.application";
		};
		656BB80D1D8406EA00CF0FC7 /* cokeryBookTests */ = {
			isa = PBXNativeTarget;
			buildConfigurationList = 656BB8251D8406EB00CF0FC7 /* Build configuration list for PBXNativeTarget "cokeryBookTests" */;
			buildPhases = (
				656BB80A1D8406EA00CF0FC7 /* Sources */,
				656BB80B1D8406EA00CF0FC7 /* Frameworks */,
				656BB80C1D8406EA00CF0FC7 /* Resources */,
			);
			buildRules = (
			);
			dependencies = (
				656BB8101D8406EA00CF0FC7 /* PBXTargetDependency */,
			);
			name = cokeryBookTests;
			productName = cokeryBookTests;
			productReference = 656BB80E1D8406EA00CF0FC7 /* cokeryBookTests.xctest */;
			productType = "com.apple.product-type.bundle.unit-test";
		};
		656BB8181D8406EB00CF0FC7 /* cokeryBookUITests */ = {
			isa = PBXNativeTarget;
			buildConfigurationList = 656BB8281D8406EB00CF0FC7 /* Build configuration list for PBXNativeTarget "cokeryBookUITests" */;
			buildPhases = (
				656BB8151D8406EB00CF0FC7 /* Sources */,
				656BB8161D8406EB00CF0FC7 /* Frameworks */,
				656BB8171D8406EB00CF0FC7 /* Resources */,
			);
			buildRules = (
			);
			dependencies = (
				656BB81B1D8406EB00CF0FC7 /* PBXTargetDependency */,
			);
			name = cokeryBookUITests;
			productName = cokeryBookUITests;
			productReference = 656BB8191D8406EB00CF0FC7 /* cokeryBookUITests.xctest */;
			productType = "com.apple.product-type.bundle.ui-testing";
		};
/* End PBXNativeTarget section */

/* Begin PBXProject section */
		656BB7EA1D8406EA00CF0FC7 /* Project object */ = {
			isa = PBXProject;
			attributes = {
				LastUpgradeCheck = 0730;
				ORGANIZATIONNAME = Inga;
				TargetAttributes = {
					656BB7F11D8406EA00CF0FC7 = {
						CreatedOnToolsVersion = 7.3;
					};
					656BB80D1D8406EA00CF0FC7 = {
						CreatedOnToolsVersion = 7.3;
						TestTargetID = 656BB7F11D8406EA00CF0FC7;
					};
					656BB8181D8406EB00CF0FC7 = {
						CreatedOnToolsVersion = 7.3;
						TestTargetID = 656BB7F11D8406EA00CF0FC7;
					};
				};
			};
			buildConfigurationList = 656BB7ED1D8406EA00CF0FC7 /* Build configuration list for PBXProject "cokeryBook" */;
			compatibilityVersion = "Xcode 3.2";
			developmentRegion = English;
			hasScannedForEncodings = 0;
			knownRegions = (
				en,
				Base,
			);
			mainGroup = 656BB7E91D8406EA00CF0FC7;
			productRefGroup = 656BB7F31D8406EA00CF0FC7 /* Products */;
			projectDirPath = "";
			projectRoot = "";
			targets = (
				656BB7F11D8406EA00CF0FC7 /* cokeryBook */,
				656BB80D1D8406EA00CF0FC7 /* cokeryBookTests */,
				656BB8181D8406EB00CF0FC7 /* cokeryBookUITests */,
			);
		};
/* End PBXProject section */

/* Begin PBXResourcesBuildPhase section */
		656BB7F01D8406EA00CF0FC7 /* Resources */ = {
			isa = PBXResourcesBuildPhase;
			buildActionMask = 2147483647;
			files = (
				656BB8081D8406EA00CF0FC7 /* LaunchScreen.storyboard in Resources */,
				656BB8051D8406EA00CF0FC7 /* Assets.xcassets in Resources */,
				656BB8001D8406EA00CF0FC7 /* Main.storyboard in Resources */,
			);
			runOnlyForDeploymentPostprocessing = 0;
		};
		656BB80C1D8406EA00CF0FC7 /* Resources */ = {
			isa = PBXResourcesBuildPhase;
			buildActionMask = 2147483647;
			files = (
			);
			runOnlyForDeploymentPostprocessing = 0;
		};
		656BB8171D8406EB00CF0FC7 /* Resources */ = {
			isa = PBXResourcesBuildPhase;
			buildActionMask = 2147483647;
			files = (
			);
			runOnlyForDeploymentPostprocessing = 0;
		};
/* End PBXResourcesBuildPhase section */

/* Begin PBXSourcesBuildPhase section */
		656BB7EE1D8406EA00CF0FC7 /* Sources */ = {
			isa = PBXSourcesBuildPhase;
			buildActionMask = 2147483647;
			files = (
				656BB7FD1D8406EA00CF0FC7 /* ViewController.m in Sources */,
				656BB7FA1D8406EA00CF0FC7 /* AppDelegate.m in Sources */,
				656BB7F71D8406EA00CF0FC7 /* main.m in Sources */,
				656BB8031D8406EA00CF0FC7 /* cokeryBook.xcdatamodeld in Sources */,
			);
			runOnlyForDeploymentPostprocessing = 0;
		};
		656BB80A1D8406EA00CF0FC7 /* Sources */ = {
			isa = PBXSourcesBuildPhase;
			buildActionMask = 2147483647;
			files = (
				656BB8131D8406EA00CF0FC7 /* cokeryBookTests.m in Sources */,
			);
			runOnlyForDeploymentPostprocessing = 0;
		};
		656BB8151D8406EB00CF0FC7 /* Sources */ = {
			isa = PBXSourcesBuildPhase;
			buildActionMask = 2147483647;
			files = (
				656BB81E1D8406EB00CF0FC7 /* cokeryBookUITests.m in Sources */,
			);
			runOnlyForDeploymentPostprocessing = 0;
		};
/* End PBXSourcesBuildPhase section */

/* Begin PBXTargetDependency section */
		656BB8101D8406EA00CF0FC7 /* PBXTargetDependency */ = {
			isa = PBXTargetDependency;
			target = 656BB7F11D8406EA00CF0FC7 /* cokeryBook */;
			targetProxy = 656BB80F1D8406EA00CF0FC7 /* PBXContainerItemProxy */;
		};
		656BB81B1D8406EB00CF0FC7 /* PBXTargetDependency */ = {
			isa = PBXTargetDependency;
			target = 656BB7F11D8406EA00CF0FC7 /* cokeryBook */;
			targetProxy = 656BB81A1D8406EB00CF0FC7 /* PBXContainerItemProxy */;
		};
/* End PBXTargetDependency section */

/* Begin PBXVariantGroup section */
		656BB7FE1D8406EA00CF0FC7 /* Main.storyboard */ = {
			isa = PBXVariantGroup;
			children = (
				656BB7FF1D8406EA00CF0FC7 /* Base */,
			);
			name = Main.storyboard;
			sourceTree = "<group>";
		};
		656BB8061D8406EA00CF0FC7 /* LaunchScreen.storyboard */ = {
			isa = PBXVariantGroup;
			children = (
				656BB8071D8406EA00CF0FC7 /* Base */,
			);
			name = LaunchScreen.storyboard;
			sourceTree = "<group>";
		};
/* End PBXVariantGroup section */

/* Begin XCBuildConfiguration section */
		656BB8201D8406EB00CF0FC7 /* Debug */ = {
			isa = XCBuildConfiguration;
			buildSettings = {
				ALWAYS_SEARCH_USER_PATHS = NO;
				CLANG_ANALYZER_NONNULL = YES;
				CLANG_CXX_LANGUAGE_STANDARD = "gnu++0x";
				CLANG_CXX_LIBRARY = "libc++";
				CLANG_ENABLE_MODULES = YES;
				CLANG_ENABLE_OBJC_ARC = YES;
				CLANG_WARN_BOOL_CONVERSION = YES;
				CLANG_WARN_CONSTANT_CONVERSION = YES;
				CLANG_WARN_DIRECT_OBJC_ISA_USAGE = YES_ERROR;
				CLANG_WARN_EMPTY_BODY = YES;
				CLANG_WARN_ENUM_CONVERSION = YES;
				CLANG_WARN_INT_CONVERSION = YES;
				CLANG_WARN_OBJC_ROOT_CLASS = YES_ERROR;
				CLANG_WARN_UNREACHABLE_CODE = YES;
				CLANG_WARN__DUPLICATE_METHOD_MATCH = YES;
				"CODE_SIGN_IDENTITY[sdk=iphoneos*]" = "iPhone Developer";
				COPY_PHASE_STRIP = NO;
				DEBUG_INFORMATION_FORMAT = dwarf;
				ENABLE_STRICT_OBJC_MSGSEND = YES;
				ENABLE_TESTABILITY = YES;
				GCC_C_LANGUAGE_STANDARD = gnu99;
				GCC_DYNAMIC_NO_PIC = NO;
				GCC_NO_COMMON_BLOCKS = YES;
				GCC_OPTIMIZATION_LEVEL = 0;
				GCC_PREPROCESSOR_DEFINITIONS = (
					"DEBUG=1",
					"$(inherited)",
				);
				GCC_WARN_64_TO_32_BIT_CONVERSION = YES;
				GCC_WARN_ABOUT_RETURN_TYPE = YES_ERROR;
				GCC_WARN_UNDECLARED_SELECTOR = YES;
				GCC_WARN_UNINITIALIZED_AUTOS = YES_AGGRESSIVE;
				GCC_WARN_UNUSED_FUNCTION = YES;
				GCC_WARN_UNUSED_VARIABLE = YES;
				IPHONEOS_DEPLOYMENT_TARGET = 9.3;
				MTL_ENABLE_DEBUG_INFO = YES;
				ONLY_ACTIVE_ARCH = YES;
				SDKROOT = iphoneos;
				TARGETED_DEVICE_FAMILY = "1,2";
			};
			name = Debug;
		};
		656BB8211D8406EB00CF0FC7 /* Release */ = {
			isa = XCBuildConfiguration;
			buildSettings = {
				ALWAYS_SEARCH_USER_PATHS = NO;
				CLANG_ANALYZER_NONNULL = YES;
				CLANG_CXX_LANGUAGE_STANDARD = "gnu++0x";
				CLANG_CXX_LIBRARY = "libc++";
				CLANG_ENABLE_MODULES = YES;
				CLANG_ENABLE_OBJC_ARC = YES;
				CLANG_WARN_BOOL_CONVERSION = YES;
				CLANG_WARN_CONSTANT_CONVERSION = YES;
				CLANG_WARN_DIRECT_OBJC_ISA_USAGE = YES_ERROR;
				CLANG_WARN_EMPTY_BODY = YES;
				CLANG_WARN_ENUM_CONVERSION = YES;
				CLANG_WARN_INT_CONVERSION = YES;
				CLANG_WARN_OBJC_ROOT_CLASS = YES_ERROR;
				CLANG_WARN_UNREACHABLE_CODE = YES;
				CLANG_WARN__DUPLICATE_METHOD_MATCH = YES;
				"CODE_SIGN_IDENTITY[sdk=iphoneos*]" = "iPhone Developer";
				COPY_PHASE_STRIP = NO;
				DEBUG_INFORMATION_FORMAT = "dwarf-with-dsym";
				ENABLE_NS_ASSERTIONS = NO;
				ENABLE_STRICT_OBJC_MSGSEND = YES;
				GCC_C_LANGUAGE_STANDARD = gnu99;
				GCC_NO_COMMON_BLOCKS = YES;
				GCC_WARN_64_TO_32_BIT_CONVERSION = YES;
				GCC_WARN_ABOUT_RETURN_TYPE = YES_ERROR;
				GCC_WARN_UNDECLARED_SELECTOR = YES;
				GCC_WARN_UNINITIALIZED_AUTOS = YES_AGGRESSIVE;
				GCC_WARN_UNUSED_FUNCTION = YES;
				GCC_WARN_UNUSED_VARIABLE = YES;
				IPHONEOS_DEPLOYMENT_TARGET = 9.3;
				MTL_ENABLE_DEBUG_INFO = NO;
				SDKROOT = iphoneos;
				TARGETED_DEVICE_FAMILY = "1,2";
				VALIDATE_PRODUCT = YES;
			};
			name = Release;
		};
		656BB8231D8406EB00CF0FC7 /* Debug */ = {
			isa = XCBuildConfiguration;
			buildSettings = {
				ASSETCATALOG_COMPILER_APPICON_NAME = AppIcon;
				INFOPLIST_FILE = cokeryBook/Info.plist;
				LD_RUNPATH_SEARCH_PATHS = "$(inherited) @executable_path/Frameworks";
				PRODUCT_BUNDLE_IDENTIFIER = TcacenccoCompany.cokeryBook;
				PRODUCT_NAME = "$(TARGET_NAME)";
			};
			name = Debug;
		};
		656BB8241D8406EB00CF0FC7 /* Release */ = {
			isa = XCBuildConfiguration;
			buildSettings = {
				ASSETCATALOG_COMPILER_APPICON_NAME = AppIcon;
				INFOPLIST_FILE = cokeryBook/Info.plist;
				LD_RUNPATH_SEARCH_PATHS = "$(inherited) @executable_path/Frameworks";
				PRODUCT_BUNDLE_IDENTIFIER = TcacenccoCompany.cokeryBook;
				PRODUCT_NAME = "$(TARGET_NAME)";
			};
			name = Release;
		};
		656BB8261D8406EB00CF0FC7 /* Debug */ = {
			isa = XCBuildConfiguration;
			buildSettings = {
				BUNDLE_LOADER = "$(TEST_HOST)";
				INFOPLIST_FILE = cokeryBookTests/Info.plist;
				LD_RUNPATH_SEARCH_PATHS = "$(inherited) @executable_path/Frameworks @loader_path/Frameworks";
				PRODUCT_BUNDLE_IDENTIFIER = TcacenccoCompany.cokeryBookTests;
				PRODUCT_NAME = "$(TARGET_NAME)";
				TEST_HOST = "$(BUILT_PRODUCTS_DIR)/cokeryBook.app/cokeryBook";
			};
			name = Debug;
		};
		656BB8271D8406EB00CF0FC7 /* Release */ = {
			isa = XCBuildConfiguration;
			buildSettings = {
				BUNDLE_LOADER = "$(TEST_HOST)";
				INFOPLIST_FILE = cokeryBookTests/Info.plist;
				LD_RUNPATH_SEARCH_PATHS = "$(inherited) @executable_path/Frameworks @loader_path/Frameworks";
				PRODUCT_BUNDLE_IDENTIFIER = TcacenccoCompany.cokeryBookTests;
				PRODUCT_NAME = "$(TARGET_NAME)";
				TEST_HOST = "$(BUILT_PRODUCTS_DIR)/cokeryBook.app/cokeryBook";
			};
			name = Release;
		};
		656BB8291D8406EB00CF0FC7 /* Debug */ = {
			isa = XCBuildConfiguration;
			buildSettings = {
				INFOPLIST_FILE = cokeryBookUITests/Info.plist;
				LD_RUNPATH_SEARCH_PATHS = "$(inherited) @executable_path/Frameworks @loader_path/Frameworks";
				PRODUCT_BUNDLE_IDENTIFIER = TcacenccoCompany.cokeryBookUITests;
				PRODUCT_NAME = "$(TARGET_NAME)";
				TEST_TARGET_NAME = cokeryBook;
			};
			name = Debug;
		};
		656BB82A1D8406EB00CF0FC7 /* Release */ = {
			isa = XCBuildConfiguration;
			buildSettings = {
				INFOPLIST_FILE = cokeryBookUITests/Info.plist;
				LD_RUNPATH_SEARCH_PATHS = "$(inherited) @executable_path/Frameworks @loader_path/Frameworks";
				PRODUCT_BUNDLE_IDENTIFIER = TcacenccoCompany.cokeryBookUITests;
				PRODUCT_NAME = "$(TARGET_NAME)";
				TEST_TARGET_NAME = cokeryBook;
			};
			name = Release;
		};
/* End XCBuildConfiguration section */

/* Begin XCConfigurationList section */
		656BB7ED1D8406EA00CF0FC7 /* Build configuration list for PBXProject "cokeryBook" */ = {
			isa = XCConfigurationList;
			buildConfigurations = (
				656BB8201D8406EB00CF0FC7 /* Debug */,
				656BB8211D8406EB00CF0FC7 /* Release */,
			);
			defaultConfigurationIsVisible = 0;
			defaultConfigurationName = Release;
		};
		656BB8221D8406EB00CF0FC7 /* Build configuration list for PBXNativeTarget "cokeryBook" */ = {
			isa = XCConfigurationList;
			buildConfigurations = (
				656BB8231D8406EB00CF0FC7 /* Debug */,
				656BB8241D8406EB00CF0FC7 /* Release */,
			);
			defaultConfigurationIsVisible = 0;
		};
		656BB8251D8406EB00CF0FC7 /* Build configuration list for PBXNativeTarget "cokeryBookTests" */ = {
			isa = XCConfigurationList;
			buildConfigurations = (
				656BB8261D8406EB00CF0FC7 /* Debug */,
				656BB8271D8406EB00CF0FC7 /* Release */,
			);
			defaultConfigurationIsVisible = 0;
		};
		656BB8281D8406EB00CF0FC7 /* Build configuration list for PBXNativeTarget "cokeryBookUITests" */ = {
			isa = XCConfigurationList;
			buildConfigurations = (
				656BB8291D8406EB00CF0FC7 /* Debug */,
				656BB82A1D8406EB00CF0FC7 /* Release */,
			);
			defaultConfigurationIsVisible = 0;
		};
/* End XCConfigurationList section */

/* Begin XCVersionGroup section */
		656BB8011D8406EA00CF0FC7 /* cokeryBook.xcdatamodeld */ = {
			isa = XCVersionGroup;
			children = (
				656BB8021D8406EA00CF0FC7 /* cokeryBook.xcdatamodel */,
			);
			currentVersion = 656BB8021D8406EA00CF0FC7 /* cokeryBook.xcdatamodel */;
			path = cokeryBook.xcdatamodeld;
			sourceTree = "<group>";
			versionGroupType = wrapper.xcdatamodel;
		};
/* End XCVersionGroup section */
	};
	rootObject = 656BB7EA1D8406EA00CF0FC7 /* Project object */;
}
